
Microsoft Visual Studio Solution File, Format Version 12.00
# Visual Studio Version 16
VisualStudioVersion = 16.0.34601.136
MinimumVisualStudioVersion = 10.0.40219.1
Project("{FAE04EC0-301F-11D3-BF4B-00C04F79EFBC}") = "ASP_Practice", "ASP_Practice\ASP_Practice.csproj", "{42BD3AC5-0B8A-4019-8A4C-26906255D414}"
EndProject
Global
	GlobalSection(SolutionConfigurationPlatforms) = preSolution
		Debug|Any CPU = Debug|Any CPU
		Release|Any CPU = Release|Any CPU
	EndGlobalSection
	GlobalSection(ProjectConfigurationPlatforms) = postSolution
		{42BD3AC5-0B8A-4019-8A4C-26906255D414}.Debug|Any CPU.ActiveCfg = Debug|Any CPU
		{42BD3AC5-0B8A-4019-8A4C-26906255D414}.Debug|Any CPU.Build.0 = Debug|Any CPU
		{42BD3AC5-0B8A-4019-8A4C-26906255D414}.Release|Any CPU.ActiveCfg = Release|Any CPU
		{42BD3AC5-0B8A-4019-8A4C-26906255D414}.Release|Any CPU.Build.0 = Release|Any CPU
	EndGlobalSection
	GlobalSection(SolutionProperties) = preSolution
		HideSolutionNode = FALSE
	EndGlobalSection
	GlobalSection(ExtensibilityGlobals) = postSolution
		SolutionGuid = {B6FA30D2-289E-4811-BAFD-8BC3E94D4417}
	EndGlobalSection
EndGlobal
